
Microsoft Visual Studio Solution File, Format Version 12.00
# Visual Studio Version 17
VisualStudioVersion = 17.8.34322.80
MinimumVisualStudioVersion = 10.0.40219.1
Project("{9A19103F-16F7-4668-BE54-9A1E7A4F7556}") = "ExercicioStack", "ExercicioStack\ExercicioStack.csproj", "{52EEC695-93C2-47AC-B4A5-269FEFEC6D1E}"
EndProject
Project("{9A19103F-16F7-4668-BE54-9A1E7A4F7556}") = "ExercicioQueue", "ExercicioQueue\ExercicioQueue.csproj", "{CFC56D88-2CA1-4AE2-9961-AE044F224DC7}"
EndProject
Project("{9A19103F-16F7-4668-BE54-9A1E7A4F7556}") = "ExercicioDictionary", "ExercicioDictionary\ExercicioDictionary.csproj", "{081717FD-D683-46F0-BD03-CBF12A8BAE8F}"
EndProject
Project("{FAE04EC0-301F-11D3-BF4B-00C04F79EFBC}") = "ExercicioList", "ExercicioList\ExercicioList.csproj", "{53109DCB-0096-499D-A27D-76C609B6601E}"
EndProject
Global
	GlobalSection(SolutionConfigurationPlatforms) = preSolution
		Debug|Any CPU = Debug|Any CPU
		Release|Any CPU = Release|Any CPU
	EndGlobalSection
	GlobalSection(ProjectConfigurationPlatforms) = postSolution
		{52EEC695-93C2-47AC-B4A5-269FEFEC6D1E}.Debug|Any CPU.ActiveCfg = Debug|Any CPU
		{52EEC695-93C2-47AC-B4A5-269FEFEC6D1E}.Debug|Any CPU.Build.0 = Debug|Any CPU
		{52EEC695-93C2-47AC-B4A5-269FEFEC6D1E}.Release|Any CPU.ActiveCfg = Release|Any CPU
		{52EEC695-93C2-47AC-B4A5-269FEFEC6D1E}.Release|Any CPU.Build.0 = Release|Any CPU
		{CFC56D88-2CA1-4AE2-9961-AE044F224DC7}.Debug|Any CPU.ActiveCfg = Debug|Any CPU
		{CFC56D88-2CA1-4AE2-9961-AE044F224DC7}.Debug|Any CPU.Build.0 = Debug|Any CPU
		{CFC56D88-2CA1-4AE2-9961-AE044F224DC7}.Release|Any CPU.ActiveCfg = Release|Any CPU
		{CFC56D88-2CA1-4AE2-9961-AE044F224DC7}.Release|Any CPU.Build.0 = Release|Any CPU
		{081717FD-D683-46F0-BD03-CBF12A8BAE8F}.Debug|Any CPU.ActiveCfg = Debug|Any CPU
		{081717FD-D683-46F0-BD03-CBF12A8BAE8F}.Debug|Any CPU.Build.0 = Debug|Any CPU
		{081717FD-D683-46F0-BD03-CBF12A8BAE8F}.Release|Any CPU.ActiveCfg = Release|Any CPU
		{081717FD-D683-46F0-BD03-CBF12A8BAE8F}.Release|Any CPU.Build.0 = Release|Any CPU
		{53109DCB-0096-499D-A27D-76C609B6601E}.Debug|Any CPU.ActiveCfg = Debug|Any CPU
		{53109DCB-0096-499D-A27D-76C609B6601E}.Debug|Any CPU.Build.0 = Debug|Any CPU
		{53109DCB-0096-499D-A27D-76C609B6601E}.Release|Any CPU.ActiveCfg = Release|Any CPU
		{53109DCB-0096-499D-A27D-76C609B6601E}.Release|Any CPU.Build.0 = Release|Any CPU
	EndGlobalSection
	GlobalSection(SolutionProperties) = preSolution
		HideSolutionNode = FALSE
	EndGlobalSection
	GlobalSection(ExtensibilityGlobals) = postSolution
		SolutionGuid = {CF2B40E3-F7B5-4B27-86CB-CDAA1C4897CB}
	EndGlobalSection
EndGlobal
